
Microsoft Visual Studio Solution File, Format Version 12.00
# Visual Studio Version 17
VisualStudioVersion = 17.3.32922.545
MinimumVisualStudioVersion = 10.0.40219.1
Project("{FAE04EC0-301F-11D3-BF4B-00C04F79EFBC}") = "PartialClass", "PartialClass\PartialClass.csproj", "{FFBC3FAB-C5AD-46F5-9001-CFA50645C83F}"
EndProject
Project("{FAE04EC0-301F-11D3-BF4B-00C04F79EFBC}") = "NewAndSealedKeyword", "NewAndSealedKeyword\NewAndSealedKeyword.csproj", "{4DCB7A47-ECF2-43CB-8FEC-5A803CF4FB72}"
EndProject
Global
	GlobalSection(SolutionConfigurationPlatforms) = preSolution
		Debug|Any CPU = Debug|Any CPU
		Release|Any CPU = Release|Any CPU
	EndGlobalSection
	GlobalSection(ProjectConfigurationPlatforms) = postSolution
		{FFBC3FAB-C5AD-46F5-9001-CFA50645C83F}.Debug|Any CPU.ActiveCfg = Debug|Any CPU
		{FFBC3FAB-C5AD-46F5-9001-CFA50645C83F}.Debug|Any CPU.Build.0 = Debug|Any CPU
		{FFBC3FAB-C5AD-46F5-9001-CFA50645C83F}.Release|Any CPU.ActiveCfg = Release|Any CPU
		{FFBC3FAB-C5AD-46F5-9001-CFA50645C83F}.Release|Any CPU.Build.0 = Release|Any CPU
		{4DCB7A47-ECF2-43CB-8FEC-5A803CF4FB72}.Debug|Any CPU.ActiveCfg = Debug|Any CPU
		{4DCB7A47-ECF2-43CB-8FEC-5A803CF4FB72}.Debug|Any CPU.Build.0 = Debug|Any CPU
		{4DCB7A47-ECF2-43CB-8FEC-5A803CF4FB72}.Release|Any CPU.ActiveCfg = Release|Any CPU
		{4DCB7A47-ECF2-43CB-8FEC-5A803CF4FB72}.Release|Any CPU.Build.0 = Release|Any CPU
	EndGlobalSection
	GlobalSection(SolutionProperties) = preSolution
		HideSolutionNode = FALSE
	EndGlobalSection
	GlobalSection(ExtensibilityGlobals) = postSolution
		SolutionGuid = {B8BEA74A-450E-466C-85BB-E9537738BAF9}
	EndGlobalSection
EndGlobal
